lockfileVersion: '9.0'

settings:
  autoInstallPeers: true
  excludeLinksFromLockfile: false

importers:

  .:
    dependencies:
      '@catppuccin/palette':
        specifier: ^1.8.0
        version: 1.8.0

packages:

  '@catppuccin/palette@1.8.0':
    resolution: {integrity: sha512-qXhwKiLzQomUygUJYB36YAFgs+dET5bIocfkiaFIatQF5Pwc7L112TlF9P8J5Oqs3x3XTjYSucG0ncHXSCuk7Q==}

snapshots:

  '@catppuccin/palette@1.8.0': {}
